
Microsoft Visual Studio Solution File, Format Version 12.00
# Visual Studio Version 17
VisualStudioVersion = 17.0.31903.59
MinimumVisualStudioVersion = 10.0.40219.1
Project("{2150E333-8FDC-42A3-9474-1A3956D46DE8}") = "Solution Items", "Solution Items", "{10701E8E-B4B3-4C05-9643-8395CA4F81BC}"
	ProjectSection(SolutionItems) = preProject
		not.md = not.md
	EndProjectSection
EndProject
Project("{9A19103F-16F7-4668-BE54-9A1E7A4F7556}") = "RabbitMQ.Consumer", "RabbitMQ.Consumer\RabbitMQ.Consumer.csproj", "{AED454DE-54B0-4462-B4C8-BBE2D23A606D}"
EndProject
Project("{9A19103F-16F7-4668-BE54-9A1E7A4F7556}") = "RabbitMQ.Publisher", "RabbitMQ.Publisher\RabbitMQ.Publisher.csproj", "{AA891DCD-26C0-4828-ABCB-66A8E3F5ACA9}"
EndProject
Project("{2150E333-8FDC-42A3-9474-1A3956D46DE8}") = "DirectExchange", "DirectExchange", "{D92B5638-5A8C-431F-9518-0F3AF3254732}"
EndProject
Project("{9A19103F-16F7-4668-BE54-9A1E7A4F7556}") = "RabbitMQ.Publisher", "DirectExchange\RabbitMQ.Publisher\RabbitMQ.Publisher.csproj", "{58C658AB-14A8-4B64-8697-B2E3D900A00B}"
EndProject
Project("{9A19103F-16F7-4668-BE54-9A1E7A4F7556}") = "RabbitMQ.Consumer", "DirectExchange\RabbitMQ.Consumer\RabbitMQ.Consumer.csproj", "{46A78E70-E157-4073-BA9F-91A346B4B4F0}"
EndProject
Project("{2150E333-8FDC-42A3-9474-1A3956D46DE8}") = "FanoutExchange", "FanoutExchange", "{EF7EC0B4-AE21-4AF5-9459-BDF1433A4E32}"
EndProject
Project("{FAE04EC0-301F-11D3-BF4B-00C04F79EFBC}") = "RabbitMQ.Consumer", "FanoutExchange\RabbitMQ.Consumer\RabbitMQ.Consumer.csproj", "{0DE01758-0DBA-48B5-B577-D32058C721B3}"
EndProject
Project("{FAE04EC0-301F-11D3-BF4B-00C04F79EFBC}") = "RabbitMQ.Publisher", "FanoutExchange\RabbitMQ.Publisher\RabbitMQ.Publisher.csproj", "{0FA4B456-040B-4DE4-BD98-ADBD465EEB47}"
EndProject
Project("{2150E333-8FDC-42A3-9474-1A3956D46DE8}") = "TopicExchange", "TopicExchange", "{85B4504F-96E3-4881-87DF-3FE4BECD71C7}"
EndProject
Project("{FAE04EC0-301F-11D3-BF4B-00C04F79EFBC}") = "RabbitMQ.Consumer", "TopicExchange\RabbitMQ.Consumer\RabbitMQ.Consumer.csproj", "{EBBC3E42-3525-4227-A388-25F5AE4A0DA7}"
EndProject
Project("{FAE04EC0-301F-11D3-BF4B-00C04F79EFBC}") = "RabbitMQ.Publisher", "TopicExchange\RabbitMQ.Publisher\RabbitMQ.Publisher.csproj", "{CC25F97D-9D2C-4FC5-B462-2A5F72F1F190}"
EndProject
Project("{2150E333-8FDC-42A3-9474-1A3956D46DE8}") = "HeaderExchange", "HeaderExchange", "{B3A3AD59-1084-4B3D-A9A0-CEF1F58760F7}"
EndProject
Project("{FAE04EC0-301F-11D3-BF4B-00C04F79EFBC}") = "RabbitMQ.Consumer", "HeaderExchange\RabbitMQ.Consumer\RabbitMQ.Consumer.csproj", "{5CB62376-7D00-418D-A506-6ACEBFE9DFC6}"
EndProject
Project("{FAE04EC0-301F-11D3-BF4B-00C04F79EFBC}") = "RabbitMQ.Publisher", "HeaderExchange\RabbitMQ.Publisher\RabbitMQ.Publisher.csproj", "{657F4DA5-74C1-4AD5-BE49-FC57BE8DC97E}"
EndProject
Project("{2150E333-8FDC-42A3-9474-1A3956D46DE8}") = "MessageTemplates", "MessageTemplates", "{6C02F4E1-D9D9-4DED-93FD-BCB19967BDEA}"
EndProject
Project("{2150E333-8FDC-42A3-9474-1A3956D46DE8}") = "P2P", "P2P", "{12CCE228-1F49-4709-B915-2988369F900E}"
EndProject
Project("{2150E333-8FDC-42A3-9474-1A3956D46DE8}") = "WorkQueue", "WorkQueue", "{0D32FE47-29BE-4B7C-9BCC-D9AC7A836AA2}"
EndProject
Project("{2150E333-8FDC-42A3-9474-1A3956D46DE8}") = "PublishSubscribe", "PublishSubscribe", "{3C969EED-D512-4188-976D-DB9658D77FD4}"
EndProject
Project("{2150E333-8FDC-42A3-9474-1A3956D46DE8}") = "RequestResponse", "RequestResponse", "{490512B0-2ABC-4383-9507-639E2907004A}"
EndProject
Project("{FAE04EC0-301F-11D3-BF4B-00C04F79EFBC}") = "RabbitMQ.Publisher", "MessageTemplates\P2P\RabbitMQ.Publisher\RabbitMQ.Publisher.csproj", "{0A09C597-1FB3-46A0-92D1-A9EF4D8E89C3}"
EndProject
Project("{FAE04EC0-301F-11D3-BF4B-00C04F79EFBC}") = "RabbitMQ.Consumer", "MessageTemplates\P2P\RabbitMQ.Consumer\RabbitMQ.Consumer.csproj", "{B9B4458C-CA1E-4B7D-A13F-41FC64DFD4D4}"
EndProject
Project("{FAE04EC0-301F-11D3-BF4B-00C04F79EFBC}") = "RabbitMQ.Consumer", "MessageTemplates\PublishSubscribe\RabbitMQ.Consumer\RabbitMQ.Consumer.csproj", "{D96009BF-1990-4FA4-9864-8F925DEA4667}"
EndProject
Project("{FAE04EC0-301F-11D3-BF4B-00C04F79EFBC}") = "RabbitMQ.Publisher", "MessageTemplates\PublishSubscribe\RabbitMQ.Publisher\RabbitMQ.Publisher.csproj", "{9BB537B0-E705-4797-8E93-BC825C3F1BD5}"
EndProject
Global
	GlobalSection(SolutionConfigurationPlatforms) = preSolution
		Debug|Any CPU = Debug|Any CPU
		Release|Any CPU = Release|Any CPU
	EndGlobalSection
	GlobalSection(ProjectConfigurationPlatforms) = postSolution
		{AED454DE-54B0-4462-B4C8-BBE2D23A606D}.Debug|Any CPU.ActiveCfg = Debug|Any CPU
		{AED454DE-54B0-4462-B4C8-BBE2D23A606D}.Debug|Any CPU.Build.0 = Debug|Any CPU
		{AED454DE-54B0-4462-B4C8-BBE2D23A606D}.Release|Any CPU.ActiveCfg = Release|Any CPU
		{AED454DE-54B0-4462-B4C8-BBE2D23A606D}.Release|Any CPU.Build.0 = Release|Any CPU
		{AA891DCD-26C0-4828-ABCB-66A8E3F5ACA9}.Debug|Any CPU.ActiveCfg = Debug|Any CPU
		{AA891DCD-26C0-4828-ABCB-66A8E3F5ACA9}.Debug|Any CPU.Build.0 = Debug|Any CPU
		{AA891DCD-26C0-4828-ABCB-66A8E3F5ACA9}.Release|Any CPU.ActiveCfg = Release|Any CPU
		{AA891DCD-26C0-4828-ABCB-66A8E3F5ACA9}.Release|Any CPU.Build.0 = Release|Any CPU
		{58C658AB-14A8-4B64-8697-B2E3D900A00B}.Debug|Any CPU.ActiveCfg = Debug|Any CPU
		{58C658AB-14A8-4B64-8697-B2E3D900A00B}.Debug|Any CPU.Build.0 = Debug|Any CPU
		{58C658AB-14A8-4B64-8697-B2E3D900A00B}.Release|Any CPU.ActiveCfg = Release|Any CPU
		{58C658AB-14A8-4B64-8697-B2E3D900A00B}.Release|Any CPU.Build.0 = Release|Any CPU
		{46A78E70-E157-4073-BA9F-91A346B4B4F0}.Debug|Any CPU.ActiveCfg = Debug|Any CPU
		{46A78E70-E157-4073-BA9F-91A346B4B4F0}.Debug|Any CPU.Build.0 = Debug|Any CPU
		{46A78E70-E157-4073-BA9F-91A346B4B4F0}.Release|Any CPU.ActiveCfg = Release|Any CPU
		{46A78E70-E157-4073-BA9F-91A346B4B4F0}.Release|Any CPU.Build.0 = Release|Any CPU
		{0DE01758-0DBA-48B5-B577-D32058C721B3}.Debug|Any CPU.ActiveCfg = Debug|Any CPU
		{0DE01758-0DBA-48B5-B577-D32058C721B3}.Debug|Any CPU.Build.0 = Debug|Any CPU
		{0DE01758-0DBA-48B5-B577-D32058C721B3}.Release|Any CPU.ActiveCfg = Release|Any CPU
		{0DE01758-0DBA-48B5-B577-D32058C721B3}.Release|Any CPU.Build.0 = Release|Any CPU
		{0FA4B456-040B-4DE4-BD98-ADBD465EEB47}.Debug|Any CPU.ActiveCfg = Debug|Any CPU
		{0FA4B456-040B-4DE4-BD98-ADBD465EEB47}.Debug|Any CPU.Build.0 = Debug|Any CPU
		{0FA4B456-040B-4DE4-BD98-ADBD465EEB47}.Release|Any CPU.ActiveCfg = Release|Any CPU
		{0FA4B456-040B-4DE4-BD98-ADBD465EEB47}.Release|Any CPU.Build.0 = Release|Any CPU
		{EBBC3E42-3525-4227-A388-25F5AE4A0DA7}.Debug|Any CPU.ActiveCfg = Debug|Any CPU
		{EBBC3E42-3525-4227-A388-25F5AE4A0DA7}.Debug|Any CPU.Build.0 = Debug|Any CPU
		{EBBC3E42-3525-4227-A388-25F5AE4A0DA7}.Release|Any CPU.ActiveCfg = Release|Any CPU
		{EBBC3E42-3525-4227-A388-25F5AE4A0DA7}.Release|Any CPU.Build.0 = Release|Any CPU
		{CC25F97D-9D2C-4FC5-B462-2A5F72F1F190}.Debug|Any CPU.ActiveCfg = Debug|Any CPU
		{CC25F97D-9D2C-4FC5-B462-2A5F72F1F190}.Debug|Any CPU.Build.0 = Debug|Any CPU
		{CC25F97D-9D2C-4FC5-B462-2A5F72F1F190}.Release|Any CPU.ActiveCfg = Release|Any CPU
		{CC25F97D-9D2C-4FC5-B462-2A5F72F1F190}.Release|Any CPU.Build.0 = Release|Any CPU
		{5CB62376-7D00-418D-A506-6ACEBFE9DFC6}.Debug|Any CPU.ActiveCfg = Debug|Any CPU
		{5CB62376-7D00-418D-A506-6ACEBFE9DFC6}.Debug|Any CPU.Build.0 = Debug|Any CPU
		{5CB62376-7D00-418D-A506-6ACEBFE9DFC6}.Release|Any CPU.ActiveCfg = Release|Any CPU
		{5CB62376-7D00-418D-A506-6ACEBFE9DFC6}.Release|Any CPU.Build.0 = Release|Any CPU
		{657F4DA5-74C1-4AD5-BE49-FC57BE8DC97E}.Debug|Any CPU.ActiveCfg = Debug|Any CPU
		{657F4DA5-74C1-4AD5-BE49-FC57BE8DC97E}.Debug|Any CPU.Build.0 = Debug|Any CPU
		{657F4DA5-74C1-4AD5-BE49-FC57BE8DC97E}.Release|Any CPU.ActiveCfg = Release|Any CPU
		{657F4DA5-74C1-4AD5-BE49-FC57BE8DC97E}.Release|Any CPU.Build.0 = Release|Any CPU
		{0A09C597-1FB3-46A0-92D1-A9EF4D8E89C3}.Debug|Any CPU.ActiveCfg = Debug|Any CPU
		{0A09C597-1FB3-46A0-92D1-A9EF4D8E89C3}.Debug|Any CPU.Build.0 = Debug|Any CPU
		{0A09C597-1FB3-46A0-92D1-A9EF4D8E89C3}.Release|Any CPU.ActiveCfg = Release|Any CPU
		{0A09C597-1FB3-46A0-92D1-A9EF4D8E89C3}.Release|Any CPU.Build.0 = Release|Any CPU
		{B9B4458C-CA1E-4B7D-A13F-41FC64DFD4D4}.Debug|Any CPU.ActiveCfg = Debug|Any CPU
		{B9B4458C-CA1E-4B7D-A13F-41FC64DFD4D4}.Debug|Any CPU.Build.0 = Debug|Any CPU
		{B9B4458C-CA1E-4B7D-A13F-41FC64DFD4D4}.Release|Any CPU.ActiveCfg = Release|Any CPU
		{B9B4458C-CA1E-4B7D-A13F-41FC64DFD4D4}.Release|Any CPU.Build.0 = Release|Any CPU
		{D96009BF-1990-4FA4-9864-8F925DEA4667}.Debug|Any CPU.ActiveCfg = Debug|Any CPU
		{D96009BF-1990-4FA4-9864-8F925DEA4667}.Debug|Any CPU.Build.0 = Debug|Any CPU
		{D96009BF-1990-4FA4-9864-8F925DEA4667}.Release|Any CPU.ActiveCfg = Release|Any CPU
		{D96009BF-1990-4FA4-9864-8F925DEA4667}.Release|Any CPU.Build.0 = Release|Any CPU
		{9BB537B0-E705-4797-8E93-BC825C3F1BD5}.Debug|Any CPU.ActiveCfg = Debug|Any CPU
		{9BB537B0-E705-4797-8E93-BC825C3F1BD5}.Debug|Any CPU.Build.0 = Debug|Any CPU
		{9BB537B0-E705-4797-8E93-BC825C3F1BD5}.Release|Any CPU.ActiveCfg = Release|Any CPU
		{9BB537B0-E705-4797-8E93-BC825C3F1BD5}.Release|Any CPU.Build.0 = Release|Any CPU
	EndGlobalSection
	GlobalSection(SolutionProperties) = preSolution
		HideSolutionNode = FALSE
	EndGlobalSection
	GlobalSection(NestedProjects) = preSolution
		{58C658AB-14A8-4B64-8697-B2E3D900A00B} = {D92B5638-5A8C-431F-9518-0F3AF3254732}
		{46A78E70-E157-4073-BA9F-91A346B4B4F0} = {D92B5638-5A8C-431F-9518-0F3AF3254732}
		{0DE01758-0DBA-48B5-B577-D32058C721B3} = {EF7EC0B4-AE21-4AF5-9459-BDF1433A4E32}
		{0FA4B456-040B-4DE4-BD98-ADBD465EEB47} = {EF7EC0B4-AE21-4AF5-9459-BDF1433A4E32}
		{EBBC3E42-3525-4227-A388-25F5AE4A0DA7} = {85B4504F-96E3-4881-87DF-3FE4BECD71C7}
		{CC25F97D-9D2C-4FC5-B462-2A5F72F1F190} = {85B4504F-96E3-4881-87DF-3FE4BECD71C7}
		{5CB62376-7D00-418D-A506-6ACEBFE9DFC6} = {B3A3AD59-1084-4B3D-A9A0-CEF1F58760F7}
		{657F4DA5-74C1-4AD5-BE49-FC57BE8DC97E} = {B3A3AD59-1084-4B3D-A9A0-CEF1F58760F7}
		{12CCE228-1F49-4709-B915-2988369F900E} = {6C02F4E1-D9D9-4DED-93FD-BCB19967BDEA}
		{0D32FE47-29BE-4B7C-9BCC-D9AC7A836AA2} = {6C02F4E1-D9D9-4DED-93FD-BCB19967BDEA}
		{3C969EED-D512-4188-976D-DB9658D77FD4} = {6C02F4E1-D9D9-4DED-93FD-BCB19967BDEA}
		{490512B0-2ABC-4383-9507-639E2907004A} = {6C02F4E1-D9D9-4DED-93FD-BCB19967BDEA}
		{0A09C597-1FB3-46A0-92D1-A9EF4D8E89C3} = {12CCE228-1F49-4709-B915-2988369F900E}
		{B9B4458C-CA1E-4B7D-A13F-41FC64DFD4D4} = {12CCE228-1F49-4709-B915-2988369F900E}
		{D96009BF-1990-4FA4-9864-8F925DEA4667} = {3C969EED-D512-4188-976D-DB9658D77FD4}
		{9BB537B0-E705-4797-8E93-BC825C3F1BD5} = {3C969EED-D512-4188-976D-DB9658D77FD4}
	EndGlobalSection
	GlobalSection(ExtensibilityGlobals) = postSolution
		SolutionGuid = {07741FAD-4DD5-47A8-A76C-5A001B8F72B3}
	EndGlobalSection
EndGlobal
